
Microsoft Visual Studio Solution File, Format Version 12.00
# Visual Studio Version 16
VisualStudioVersion = 16.0.31005.135
MinimumVisualStudioVersion = 10.0.40219.1
Project("{FAE04EC0-301F-11D3-BF4B-00C04F79EFBC}") = "UserMaintenance", "UserMaintenance\UserMaintenance.csproj", "{8F796CBD-7017-46D0-9A84-CB7F74D1460A}"
EndProject
Global
	GlobalSection(SolutionConfigurationPlatforms) = preSolution
		Debug|Any CPU = Debug|Any CPU
		Release|Any CPU = Release|Any CPU
	EndGlobalSection
	GlobalSection(ProjectConfigurationPlatforms) = postSolution
		{8F796CBD-7017-46D0-9A84-CB7F74D1460A}.Debug|Any CPU.ActiveCfg = Debug|Any CPU
		{8F796CBD-7017-46D0-9A84-CB7F74D1460A}.Debug|Any CPU.Build.0 = Debug|Any CPU
		{8F796CBD-7017-46D0-9A84-CB7F74D1460A}.Release|Any CPU.ActiveCfg = Release|Any CPU
		{8F796CBD-7017-46D0-9A84-CB7F74D1460A}.Release|Any CPU.Build.0 = Release|Any CPU
	EndGlobalSection
	GlobalSection(SolutionProperties) = preSolution
		HideSolutionNode = FALSE
	EndGlobalSection
	GlobalSection(ExtensibilityGlobals) = postSolution
		SolutionGuid = {0BEF8BAA-83F3-41A4-9D0B-8553F0AD1DB6}
	EndGlobalSection
EndGlobal
